# This file was autogenerated by Stack.
# You should not edit this file by hand.
# For more information, please see the documentation at:
#   https://docs.haskellstack.org/en/stable/lock_files

packages:
- completed:
    commit: 181a18845d706ce3d3cd014b3229795f0ec50d68
    git: https://github.com/ideas-edu/ideas.git
    name: ideas
    pantry-tree:
      sha256: f2486b28006694001bcc7d903372fdfe0ee588709d2a23e063e3f53ddf8f8d7c
      size: 10873
    version: 1.8.1
  original:
    commit: 181a18845d706ce3d3cd014b3229795f0ec50d68
    git: https://github.com/ideas-edu/ideas.git
snapshots:
- completed:
    sha256: 5a59b2a405b3aba3c00188453be172b85893cab8ebc352b1ef58b0eae5d248a2
    size: 650475
    url: https://raw.githubusercontent.com/commercialhaskell/stackage-snapshots/master/lts/20/26.yaml
  original: lts-20.26
